{
  "requires": true,
  "lockfileVersion": 1,
  "dependencies": {
    "emailjs-com": {
      "version": "2.6.3",
      "resolved": "https://registry.npmjs.org/emailjs-com/-/emailjs-com-2.6.3.tgz",
      "integrity": "sha512-hucvmelA6wUN1W7Lnw3yKXTWq3lNyVOBN306WcODPcfazuGWTot9/7aaiHQESBo9VrG1JgSk7La6fckq3eLvUg=="
    },
    "jquery": {
      "version": "3.5.1",
      "resolved": "https://registry.npmjs.org/jquery/-/jquery-3.5.1.tgz",
      "integrity": "sha512-XwIBPqcMn57FxfT+Go5pzySnm4KWkT1Tv7gjrpT1srtf8Weynl6R273VJ5GjkRb51IzMp5nbaPjJXMWeju2MKg=="
    },
    "parsleyjs": {
      "version": "2.9.2",
      "resolved": "https://registry.npmjs.org/parsleyjs/-/parsleyjs-2.9.2.tgz",
      "integrity": "sha512-DKS2XXTjEUZ1BJWUzgXAr+550kFBZrom2WYweubqdV7WzdNC1hjOajZDfeBPoAZMkXumJPlB3v37IKatbiW8zQ==",
      "requires": {
        "jquery": ">=1.8.0"
      }
    },
    "uikit": {
      "version": "3.5.9",
      "resolved": "https://registry.npmjs.org/uikit/-/uikit-3.5.9.tgz",
      "integrity": "sha512-0197WceeBMlCLscsmds6zqL8K3TOtdUCvoHPJEuYqYY2gKa7JttlA6MiyzU0yBPzDlcawXF2TdOmQ/DWy6ZDEw=="
    }
  }
}
